// !$*UTF8*$!
{
	archiveVersion = 1;
	classes = {
	};
	objectVersion = 50;
	objects = {

/* Begin PBXBuildFile section */
		9C45B101210A1E4700C79653 /* GameViewController.storyboard in Resources */ = {isa = PBXBuildFile; fileRef = 9C45B100210A1E4700C79653 /* GameViewController.storyboard */; };
		9C62F546210A16C3002D3754 /* BoxDropFramework.h in Headers */ = {isa = PBXBuildFile; fileRef = 9C62F544210A16C3002D3754 /* BoxDropFramework.h */; settings = {ATTRIBUTES = (Public, ); }; };
		9C62F552210A18A2002D3754 /* GameScene.swift in Sources */ = {isa = PBXBuildFile; fileRef = 9C62F550210A18A2002D3754 /* GameScene.swift */; };
		9C62F553210A18A2002D3754 /* GameViewController.swift in Sources */ = {isa = PBXBuildFile; fileRef = 9C62F551210A18A2002D3754 /* GameViewController.swift */; };
		9C62F555210A1904002D3754 /* GameScene.sks in Resources */ = {isa = PBXBuildFile; fileRef = 9C62F554210A1904002D3754 /* GameScene.sks */; };
		9CAFB65C210A21A7002A635E /* BoxDropAssets.xcassets in Resources */ = {isa = PBXBuildFile; fileRef = 9C62F54C210A1758002D3754 /* BoxDropAssets.xcassets */; };
		B21F6981210A53330029DC05 /* BoxDropFrameworkTests.swift in Sources */ = {isa = PBXBuildFile; fileRef = B21F6980210A53330029DC05 /* BoxDropFrameworkTests.swift */; };
		B21F6983210A53330029DC05 /* BoxDropFramework.framework in Frameworks */ = {isa = PBXBuildFile; fileRef = 9C62F541210A16C3002D3754 /* BoxDropFramework.framework */; };
		B21F698D210A6A370029DC05 /* GameViewControllerMVP.swift in Sources */ = {isa = PBXBuildFile; fileRef = B21F698C210A6A370029DC05 /* GameViewControllerMVP.swift */; };
		B21F698F210A6B680029DC05 /* GamePresenter.swift in Sources */ = {isa = PBXBuildFile; fileRef = B21F698E210A6B680029DC05 /* GamePresenter.swift */; };
		B21F6991210A6B720029DC05 /* GameModel.swift in Sources */ = {isa = PBXBuildFile; fileRef = B21F6990210A6B720029DC05 /* GameModel.swift */; };
		BF8F4AB85E74D4230EDB3809 /* BoxDropLauncher.swift in Sources */ = {isa = PBXBuildFile; fileRef = BF8F46AA1E94CBAE599DA780 /* BoxDropLauncher.swift */; };
/* End PBXBuildFile section */

/* Begin PBXContainerItemProxy section */
		B21F6984210A53330029DC05 /* PBXContainerItemProxy */ = {
			isa = PBXContainerItemProxy;
			containerPortal = 9C62F538210A16C3002D3754 /* Project object */;
			proxyType = 1;
			remoteGlobalIDString = 9C62F540210A16C3002D3754;
			remoteInfo = BoxDropFramework;
		};
/* End PBXContainerItemProxy section */

/* Begin PBXFileReference section */
		9C45B100210A1E4700C79653 /* GameViewController.storyboard */ = {isa = PBXFileReference; lastKnownFileType = file.storyboard; path = GameViewController.storyboard; sourceTree = "<group>"; };
		9C62F541210A16C3002D3754 /* BoxDropFramework.framework */ = {isa = PBXFileReference; explicitFileType = wrapper.framework; includeInIndex = 0; path = BoxDropFramework.framework; sourceTree = BUILT_PRODUCTS_DIR; };
		9C62F544210A16C3002D3754 /* BoxDropFramework.h */ = {isa = PBXFileReference; lastKnownFileType = sourcecode.c.h; path = BoxDropFramework.h; sourceTree = "<group>"; };
		9C62F545210A16C3002D3754 /* Info.plist */ = {isa = PBXFileReference; lastKnownFileType = text.plist.xml; path = Info.plist; sourceTree = "<group>"; };
		9C62F54C210A1758002D3754 /* BoxDropAssets.xcassets */ = {isa = PBXFileReference; lastKnownFileType = folder.assetcatalog; path = BoxDropAssets.xcassets; sourceTree = "<group>"; };
		9C62F550210A18A2002D3754 /* GameScene.swift */ = {isa = PBXFileReference; fileEncoding = 4; lastKnownFileType = sourcecode.swift; path = GameScene.swift; sourceTree = "<group>"; };
		9C62F551210A18A2002D3754 /* GameViewController.swift */ = {isa = PBXFileReference; fileEncoding = 4; lastKnownFileType = sourcecode.swift; path = GameViewController.swift; sourceTree = "<group>"; };
		9C62F554210A1904002D3754 /* GameScene.sks */ = {isa = PBXFileReference; lastKnownFileType = file.sks; path = GameScene.sks; sourceTree = "<group>"; };
		B21F697E210A53320029DC05 /* BoxDropFrameworkTests.xctest */ = {isa = PBXFileReference; explicitFileType = wrapper.cfbundle; includeInIndex = 0; path = BoxDropFrameworkTests.xctest; sourceTree = BUILT_PRODUCTS_DIR; };
		B21F6980210A53330029DC05 /* BoxDropFrameworkTests.swift */ = {isa = PBXFileReference; lastKnownFileType = sourcecode.swift; path = BoxDropFrameworkTests.swift; sourceTree = "<group>"; };
		B21F6982210A53330029DC05 /* Info.plist */ = {isa = PBXFileReference; lastKnownFileType = text.plist.xml; path = Info.plist; sourceTree = "<group>"; };
		B21F698C210A6A370029DC05 /* GameViewControllerMVP.swift */ = {isa = PBXFileReference; lastKnownFileType = sourcecode.swift; path = GameViewControllerMVP.swift; sourceTree = "<group>"; };
		B21F698E210A6B680029DC05 /* GamePresenter.swift */ = {isa = PBXFileReference; lastKnownFileType = sourcecode.swift; path = GamePresenter.swift; sourceTree = "<group>"; };
		B21F6990210A6B720029DC05 /* GameModel.swift */ = {isa = PBXFileReference; lastKnownFileType = sourcecode.swift; path = GameModel.swift; sourceTree = "<group>"; };
		BF8F46AA1E94CBAE599DA780 /* BoxDropLauncher.swift */ = {isa = PBXFileReference; fileEncoding = 4; lastKnownFileType = sourcecode.swift; path = BoxDropLauncher.swift; sourceTree = "<group>"; };
/* End PBXFileReference section */

/* Begin PBXFrameworksBuildPhase section */
		9C62F53D210A16C3002D3754 /* Frameworks */ = {
			isa = PBXFrameworksBuildPhase;
			buildActionMask = 2147483647;
			files = (
			);
			runOnlyForDeploymentPostprocessing = 0;
		};
		B21F697B210A53320029DC05 /* Frameworks */ = {
			isa = PBXFrameworksBuildPhase;
			buildActionMask = 2147483647;
			files = (
				B21F6983210A53330029DC05 /* BoxDropFramework.framework in Frameworks */,
			);
			runOnlyForDeploymentPostprocessing = 0;
		};
/* End PBXFrameworksBuildPhase section */

/* Begin PBXGroup section */
		9C62F537210A16C3002D3754 = {
			isa = PBXGroup;
			children = (
				9C62F543210A16C3002D3754 /* BoxDropFramework */,
				B21F697F210A53330029DC05 /* BoxDropFrameworkTests */,
				9C62F542210A16C3002D3754 /* Products */,
			);
			sourceTree = "<group>";
		};
		9C62F542210A16C3002D3754 /* Products */ = {
			isa = PBXGroup;
			children = (
				9C62F541210A16C3002D3754 /* BoxDropFramework.framework */,
				B21F697E210A53320029DC05 /* BoxDropFrameworkTests.xctest */,
			);
			name = Products;
			sourceTree = "<group>";
		};
		9C62F543210A16C3002D3754 /* BoxDropFramework */ = {
			isa = PBXGroup;
			children = (
				9C62F544210A16C3002D3754 /* BoxDropFramework.h */,
				9C62F554210A1904002D3754 /* GameScene.sks */,
				BF8F46AA1E94CBAE599DA780 /* BoxDropLauncher.swift */,
				9C62F550210A18A2002D3754 /* GameScene.swift */,
				B21F6992210A6BA90029DC05 /* GameMVP */,
				9C62F545210A16C3002D3754 /* Info.plist */,
				9C62F54C210A1758002D3754 /* BoxDropAssets.xcassets */,
			);
			path = BoxDropFramework;
			sourceTree = "<group>";
		};
		B21F697F210A53330029DC05 /* BoxDropFrameworkTests */ = {
			isa = PBXGroup;
			children = (
				B21F6980210A53330029DC05 /* BoxDropFrameworkTests.swift */,
				B21F6982210A53330029DC05 /* Info.plist */,
			);
			path = BoxDropFrameworkTests;
			sourceTree = "<group>";
		};
		B21F6992210A6BA90029DC05 /* GameMVP */ = {
			isa = PBXGroup;
			children = (
				B21F698C210A6A370029DC05 /* GameViewControllerMVP.swift */,
				9C62F551210A18A2002D3754 /* GameViewController.swift */,
				B21F698E210A6B680029DC05 /* GamePresenter.swift */,
				B21F6990210A6B720029DC05 /* GameModel.swift */,
				9C45B100210A1E4700C79653 /* GameViewController.storyboard */,
			);
			path = GameMVP;
			sourceTree = "<group>";
		};
/* End PBXGroup section */

/* Begin PBXHeadersBuildPhase section */
		9C62F53E210A16C3002D3754 /* Headers */ = {
			isa = PBXHeadersBuildPhase;
			buildActionMask = 2147483647;
			files = (
				9C62F546210A16C3002D3754 /* BoxDropFramework.h in Headers */,
			);
			runOnlyForDeploymentPostprocessing = 0;
		};
/* End PBXHeadersBuildPhase section */

/* Begin PBXNativeTarget section */
		9C62F540210A16C3002D3754 /* BoxDropFramework */ = {
			isa = PBXNativeTarget;
			buildConfigurationList = 9C62F549210A16C3002D3754 /* Build configuration list for PBXNativeTarget "BoxDropFramework" */;
			buildPhases = (
				9C62F53C210A16C3002D3754 /* Sources */,
				9C62F53D210A16C3002D3754 /* Frameworks */,
				9C62F53E210A16C3002D3754 /* Headers */,
				9C62F53F210A16C3002D3754 /* Resources */,
			);
			buildRules = (
			);
			dependencies = (
			);
			name = BoxDropFramework;
			productName = BoxDropFramework;
			productReference = 9C62F541210A16C3002D3754 /* BoxDropFramework.framework */;
			productType = "com.apple.product-type.framework";
		};
		B21F697D210A53320029DC05 /* BoxDropFrameworkTests */ = {
			isa = PBXNativeTarget;
			buildConfigurationList = B21F6988210A53330029DC05 /* Build configuration list for PBXNativeTarget "BoxDropFrameworkTests" */;
			buildPhases = (
				B21F697A210A53320029DC05 /* Sources */,
				B21F697B210A53320029DC05 /* Frameworks */,
				B21F697C210A53320029DC05 /* Resources */,
			);
			buildRules = (
			);
			dependencies = (
				B21F6985210A53330029DC05 /* PBXTargetDependency */,
			);
			name = BoxDropFrameworkTests;
			productName = BoxDropFrameworkTests;
			productReference = B21F697E210A53320029DC05 /* BoxDropFrameworkTests.xctest */;
			productType = "com.apple.product-type.bundle.unit-test";
		};
/* End PBXNativeTarget section */

/* Begin PBXProject section */
		9C62F538210A16C3002D3754 /* Project object */ = {
			isa = PBXProject;
			attributes = {
				LastSwiftUpdateCheck = 0940;
				LastUpgradeCheck = 0930;
				ORGANIZATIONNAME = maxime;
				TargetAttributes = {
					9C62F540210A16C3002D3754 = {
						CreatedOnToolsVersion = 9.3;
						LastSwiftMigration = 0930;
					};
					B21F697D210A53320029DC05 = {
						CreatedOnToolsVersion = 9.4.1;
					};
				};
			};
			buildConfigurationList = 9C62F53B210A16C3002D3754 /* Build configuration list for PBXProject "BoxDropFramework" */;
			compatibilityVersion = "Xcode 9.3";
			developmentRegion = en;
			hasScannedForEncodings = 0;
			knownRegions = (
				en,
			);
			mainGroup = 9C62F537210A16C3002D3754;
			productRefGroup = 9C62F542210A16C3002D3754 /* Products */;
			projectDirPath = "";
			projectRoot = "";
			targets = (
				9C62F540210A16C3002D3754 /* BoxDropFramework */,
				B21F697D210A53320029DC05 /* BoxDropFrameworkTests */,
			);
		};
/* End PBXProject section */

/* Begin PBXResourcesBuildPhase section */
		9C62F53F210A16C3002D3754 /* Resources */ = {
			isa = PBXResourcesBuildPhase;
			buildActionMask = 2147483647;
			files = (
				9C45B101210A1E4700C79653 /* GameViewController.storyboard in Resources */,
				9C62F555210A1904002D3754 /* GameScene.sks in Resources */,
				9CAFB65C210A21A7002A635E /* BoxDropAssets.xcassets in Resources */,
			);
			runOnlyForDeploymentPostprocessing = 0;
		};
		B21F697C210A53320029DC05 /* Resources */ = {
			isa = PBXResourcesBuildPhase;
			buildActionMask = 2147483647;
			files = (
			);
			runOnlyForDeploymentPostprocessing = 0;
		};
/* End PBXResourcesBuildPhase section */

/* Begin PBXSourcesBuildPhase section */
		9C62F53C210A16C3002D3754 /* Sources */ = {
			isa = PBXSourcesBuildPhase;
			buildActionMask = 2147483647;
			files = (
				9C62F553210A18A2002D3754 /* GameViewController.swift in Sources */,
				9C62F552210A18A2002D3754 /* GameScene.swift in Sources */,
				B21F698D210A6A370029DC05 /* GameViewControllerMVP.swift in Sources */,
				B21F698F210A6B680029DC05 /* GamePresenter.swift in Sources */,
				BF8F4AB85E74D4230EDB3809 /* BoxDropLauncher.swift in Sources */,
				B21F6991210A6B720029DC05 /* GameModel.swift in Sources */,
			);
			runOnlyForDeploymentPostprocessing = 0;
		};
		B21F697A210A53320029DC05 /* Sources */ = {
			isa = PBXSourcesBuildPhase;
			buildActionMask = 2147483647;
			files = (
				B21F6981210A53330029DC05 /* BoxDropFrameworkTests.swift in Sources */,
			);
			runOnlyForDeploymentPostprocessing = 0;
		};
/* End PBXSourcesBuildPhase section */

/* Begin PBXTargetDependency section */
		B21F6985210A53330029DC05 /* PBXTargetDependency */ = {
			isa = PBXTargetDependency;
			target = 9C62F540210A16C3002D3754 /* BoxDropFramework */;
			targetProxy = B21F6984210A53330029DC05 /* PBXContainerItemProxy */;
		};
/* End PBXTargetDependency section */

/* Begin XCBuildConfiguration section */
		9C62F547210A16C3002D3754 /* Debug */ = {
			isa = XCBuildConfiguration;
			buildSettings = {
				ALWAYS_SEARCH_USER_PATHS = NO;
				CLANG_ANALYZER_NONNULL = YES;
				CLANG_ANALYZER_NUMBER_OBJECT_CONVERSION = YES_AGGRESSIVE;
				CLANG_CXX_LANGUAGE_STANDARD = "gnu++14";
				CLANG_CXX_LIBRARY = "libc++";
				CLANG_ENABLE_MODULES = YES;
				CLANG_ENABLE_OBJC_ARC = YES;
				CLANG_ENABLE_OBJC_WEAK = YES;
				CLANG_WARN_BLOCK_CAPTURE_AUTORELEASING = YES;
				CLANG_WARN_BOOL_CONVERSION = YES;
				CLANG_WARN_COMMA = YES;
				CLANG_WARN_CONSTANT_CONVERSION = YES;
				CLANG_WARN_DEPRECATED_OBJC_IMPLEMENTATIONS = YES;
				CLANG_WARN_DIRECT_OBJC_ISA_USAGE = YES_ERROR;
				CLANG_WARN_DOCUMENTATION_COMMENTS = YES;
				CLANG_WARN_EMPTY_BODY = YES;
				CLANG_WARN_ENUM_CONVERSION = YES;
				CLANG_WARN_INFINITE_RECURSION = YES;
				CLANG_WARN_INT_CONVERSION = YES;
				CLANG_WARN_NON_LITERAL_NULL_CONVERSION = YES;
				CLANG_WARN_OBJC_IMPLICIT_RETAIN_SELF = YES;
				CLANG_WARN_OBJC_LITERAL_CONVERSION = YES;
				CLANG_WARN_OBJC_ROOT_CLASS = YES_ERROR;
				CLANG_WARN_RANGE_LOOP_ANALYSIS = YES;
				CLANG_WARN_STRICT_PROTOTYPES = YES;
				CLANG_WARN_SUSPICIOUS_MOVE = YES;
				CLANG_WARN_UNGUARDED_AVAILABILITY = YES_AGGRESSIVE;
				CLANG_WARN_UNREACHABLE_CODE = YES;
				CLANG_WARN__DUPLICATE_METHOD_MATCH = YES;
				CODE_SIGN_IDENTITY = "iPhone Developer";
				COPY_PHASE_STRIP = NO;
				CURRENT_PROJECT_VERSION = 1;
				DEBUG_INFORMATION_FORMAT = dwarf;
				ENABLE_STRICT_OBJC_MSGSEND = YES;
				ENABLE_TESTABILITY = YES;
				GCC_C_LANGUAGE_STANDARD = gnu11;
				GCC_DYNAMIC_NO_PIC = NO;
				GCC_NO_COMMON_BLOCKS = YES;
				GCC_OPTIMIZATION_LEVEL = 0;
				GCC_PREPROCESSOR_DEFINITIONS = (
					"DEBUG=1",
					"$(inherited)",
				);
				GCC_WARN_64_TO_32_BIT_CONVERSION = YES;
				GCC_WARN_ABOUT_RETURN_TYPE = YES_ERROR;
				GCC_WARN_UNDECLARED_SELECTOR = YES;
				GCC_WARN_UNINITIALIZED_AUTOS = YES_AGGRESSIVE;
				GCC_WARN_UNUSED_FUNCTION = YES;
				GCC_WARN_UNUSED_VARIABLE = YES;
				IPHONEOS_DEPLOYMENT_TARGET = 9.0;
				MTL_ENABLE_DEBUG_INFO = YES;
				ONLY_ACTIVE_ARCH = YES;
				SDKROOT = iphoneos;
				SWIFT_ACTIVE_COMPILATION_CONDITIONS = DEBUG;
				SWIFT_OPTIMIZATION_LEVEL = "-Onone";
				VERSIONING_SYSTEM = "apple-generic";
				VERSION_INFO_PREFIX = "";
			};
			name = Debug;
		};
		9C62F548210A16C3002D3754 /* Release */ = {
			isa = XCBuildConfiguration;
			buildSettings = {
				ALWAYS_SEARCH_USER_PATHS = NO;
				CLANG_ANALYZER_NONNULL = YES;
				CLANG_ANALYZER_NUMBER_OBJECT_CONVERSION = YES_AGGRESSIVE;
				CLANG_CXX_LANGUAGE_STANDARD = "gnu++14";
				CLANG_CXX_LIBRARY = "libc++";
				CLANG_ENABLE_MODULES = YES;
				CLANG_ENABLE_OBJC_ARC = YES;
				CLANG_ENABLE_OBJC_WEAK = YES;
				CLANG_WARN_BLOCK_CAPTURE_AUTORELEASING = YES;
				CLANG_WARN_BOOL_CONVERSION = YES;
				CLANG_WARN_COMMA = YES;
				CLANG_WARN_CONSTANT_CONVERSION = YES;
				CLANG_WARN_DEPRECATED_OBJC_IMPLEMENTATIONS = YES;
				CLANG_WARN_DIRECT_OBJC_ISA_USAGE = YES_ERROR;
				CLANG_WARN_DOCUMENTATION_COMMENTS = YES;
				CLANG_WARN_EMPTY_BODY = YES;
				CLANG_WARN_ENUM_CONVERSION = YES;
				CLANG_WARN_INFINITE_RECURSION = YES;
				CLANG_WARN_INT_CONVERSION = YES;
				CLANG_WARN_NON_LITERAL_NULL_CONVERSION = YES;
				CLANG_WARN_OBJC_IMPLICIT_RETAIN_SELF = YES;
				CLANG_WARN_OBJC_LITERAL_CONVERSION = YES;
				CLANG_WARN_OBJC_ROOT_CLASS = YES_ERROR;
				CLANG_WARN_RANGE_LOOP_ANALYSIS = YES;
				CLANG_WARN_STRICT_PROTOTYPES = YES;
				CLANG_WARN_SUSPICIOUS_MOVE = YES;
				CLANG_WARN_UNGUARDED_AVAILABILITY = YES_AGGRESSIVE;
				CLANG_WARN_UNREACHABLE_CODE = YES;
				CLANG_WARN__DUPLICATE_METHOD_MATCH = YES;
				CODE_SIGN_IDENTITY = "iPhone Developer";
				COPY_PHASE_STRIP = NO;
				CURRENT_PROJECT_VERSION = 1;
				DEBUG_INFORMATION_FORMAT = "dwarf-with-dsym";
				ENABLE_NS_ASSERTIONS = NO;
				ENABLE_STRICT_OBJC_MSGSEND = YES;
				GCC_C_LANGUAGE_STANDARD = gnu11;
				GCC_NO_COMMON_BLOCKS = YES;
				GCC_WARN_64_TO_32_BIT_CONVERSION = YES;
				GCC_WARN_ABOUT_RETURN_TYPE = YES_ERROR;
				GCC_WARN_UNDECLARED_SELECTOR = YES;
				GCC_WARN_UNINITIALIZED_AUTOS = YES_AGGRESSIVE;
				GCC_WARN_UNUSED_FUNCTION = YES;
				GCC_WARN_UNUSED_VARIABLE = YES;
				IPHONEOS_DEPLOYMENT_TARGET = 9.0;
				MTL_ENABLE_DEBUG_INFO = NO;
				SDKROOT = iphoneos;
				SWIFT_COMPILATION_MODE = wholemodule;
				SWIFT_OPTIMIZATION_LEVEL = "-O";
				VALIDATE_PRODUCT = YES;
				VERSIONING_SYSTEM = "apple-generic";
				VERSION_INFO_PREFIX = "";
			};
			name = Release;
		};
		9C62F54A210A16C3002D3754 /* Debug */ = {
			isa = XCBuildConfiguration;
			buildSettings = {
				CLANG_ENABLE_MODULES = YES;
				CODE_SIGN_IDENTITY = "";
				CODE_SIGN_STYLE = Automatic;
				DEFINES_MODULE = YES;
				DEVELOPMENT_TEAM = 9JYSF3CQXK;
				DYLIB_COMPATIBILITY_VERSION = 1;
				DYLIB_CURRENT_VERSION = 1;
				DYLIB_INSTALL_NAME_BASE = "@rpath";
				INFOPLIST_FILE = BoxDropFramework/Info.plist;
				INSTALL_PATH = "$(LOCAL_LIBRARY_DIR)/Frameworks";
				LD_RUNPATH_SEARCH_PATHS = (
					"$(inherited)",
					"@executable_path/Frameworks",
					"@loader_path/Frameworks",
				);
				PRODUCT_BUNDLE_IDENTIFIER = cheerz.BoxDropFramework;
				PRODUCT_NAME = "$(TARGET_NAME:c99extidentifier)";
				SKIP_INSTALL = YES;
				SWIFT_OPTIMIZATION_LEVEL = "-Onone";
				SWIFT_VERSION = 4.0;
				TARGETED_DEVICE_FAMILY = "1,2";
			};
			name = Debug;
		};
		9C62F54B210A16C3002D3754 /* Release */ = {
			isa = XCBuildConfiguration;
			buildSettings = {
				CLANG_ENABLE_MODULES = YES;
				CODE_SIGN_IDENTITY = "";
				CODE_SIGN_STYLE = Automatic;
				DEFINES_MODULE = YES;
				DEVELOPMENT_TEAM = 9JYSF3CQXK;
				DYLIB_COMPATIBILITY_VERSION = 1;
				DYLIB_CURRENT_VERSION = 1;
				DYLIB_INSTALL_NAME_BASE = "@rpath";
				INFOPLIST_FILE = BoxDropFramework/Info.plist;
				INSTALL_PATH = "$(LOCAL_LIBRARY_DIR)/Frameworks";
				LD_RUNPATH_SEARCH_PATHS = (
					"$(inherited)",
					"@executable_path/Frameworks",
					"@loader_path/Frameworks",
				);
				PRODUCT_BUNDLE_IDENTIFIER = cheerz.BoxDropFramework;
				PRODUCT_NAME = "$(TARGET_NAME:c99extidentifier)";
				SKIP_INSTALL = YES;
				SWIFT_VERSION = 4.0;
				TARGETED_DEVICE_FAMILY = "1,2";
			};
			name = Release;
		};
		B21F6986210A53330029DC05 /* Debug */ = {
			isa = XCBuildConfiguration;
			buildSettings = {
				CODE_SIGN_STYLE = Automatic;
				DEVELOPMENT_TEAM = FMW43WX3AR;
				INFOPLIST_FILE = BoxDropFrameworkTests/Info.plist;
				IPHONEOS_DEPLOYMENT_TARGET = 11.4;
				LD_RUNPATH_SEARCH_PATHS = (
					"$(inherited)",
					"@executable_path/Frameworks",
					"@loader_path/Frameworks",
				);
				PRODUCT_BUNDLE_IDENTIFIER = com.cheerz.BoxDropFrameworkTests;
				PRODUCT_NAME = "$(TARGET_NAME)";
				SWIFT_VERSION = 4.0;
				TARGETED_DEVICE_FAMILY = "1,2";
			};
			name = Debug;
		};
		B21F6987210A53330029DC05 /* Release */ = {
			isa = XCBuildConfiguration;
			buildSettings = {
				CODE_SIGN_STYLE = Automatic;
				DEVELOPMENT_TEAM = FMW43WX3AR;
				INFOPLIST_FILE = BoxDropFrameworkTests/Info.plist;
				IPHONEOS_DEPLOYMENT_TARGET = 11.4;
				LD_RUNPATH_SEARCH_PATHS = (
					"$(inherited)",
					"@executable_path/Frameworks",
					"@loader_path/Frameworks",
				);
				PRODUCT_BUNDLE_IDENTIFIER = com.cheerz.BoxDropFrameworkTests;
				PRODUCT_NAME = "$(TARGET_NAME)";
				SWIFT_VERSION = 4.0;
				TARGETED_DEVICE_FAMILY = "1,2";
			};
			name = Release;
		};
/* End XCBuildConfiguration section */

/* Begin XCConfigurationList section */
		9C62F53B210A16C3002D3754 /* Build configuration list for PBXProject "BoxDropFramework" */ = {
			isa = XCConfigurationList;
			buildConfigurations = (
				9C62F547210A16C3002D3754 /* Debug */,
				9C62F548210A16C3002D3754 /* Release */,
			);
			defaultConfigurationIsVisible = 0;
			defaultConfigurationName = Release;
		};
		9C62F549210A16C3002D3754 /* Build configuration list for PBXNativeTarget "BoxDropFramework" */ = {
			isa = XCConfigurationList;
			buildConfigurations = (
				9C62F54A210A16C3002D3754 /* Debug */,
				9C62F54B210A16C3002D3754 /* Release */,
			);
			defaultConfigurationIsVisible = 0;
			defaultConfigurationName = Release;
		};
		B21F6988210A53330029DC05 /* Build configuration list for PBXNativeTarget "BoxDropFrameworkTests" */ = {
			isa = XCConfigurationList;
			buildConfigurations = (
				B21F6986210A53330029DC05 /* Debug */,
				B21F6987210A53330029DC05 /* Release */,
			);
			defaultConfigurationIsVisible = 0;
			defaultConfigurationName = Release;
		};
/* End XCConfigurationList section */
	};
	rootObject = 9C62F538210A16C3002D3754 /* Project object */;
}
